
Microsoft Visual Studio Solution File, Format Version 12.00
# Visual Studio Version 16
VisualStudioVersion = 16.0.30309.148
MinimumVisualStudioVersion = 10.0.40219.1
Project("{FAE04EC0-301F-11D3-BF4B-00C04F79EFBC}") = "EmployeeManagement", "EmployeeManagement\EmployeeManagement.csproj", "{9F4D387C-5387-44F2-A370-D82ECAE16556}"
EndProject
Global
	GlobalSection(SolutionConfigurationPlatforms) = preSolution
		Debug|Any CPU = Debug|Any CPU
		Release|Any CPU = Release|Any CPU
	EndGlobalSection
	GlobalSection(ProjectConfigurationPlatforms) = postSolution
		{9F4D387C-5387-44F2-A370-D82ECAE16556}.Debug|Any CPU.ActiveCfg = Debug|Any CPU
		{9F4D387C-5387-44F2-A370-D82ECAE16556}.Debug|Any CPU.Build.0 = Debug|Any CPU
		{9F4D387C-5387-44F2-A370-D82ECAE16556}.Release|Any CPU.ActiveCfg = Release|Any CPU
		{9F4D387C-5387-44F2-A370-D82ECAE16556}.Release|Any CPU.Build.0 = Release|Any CPU
	EndGlobalSection
	GlobalSection(SolutionProperties) = preSolution
		HideSolutionNode = FALSE
	EndGlobalSection
	GlobalSection(ExtensibilityGlobals) = postSolution
		SolutionGuid = {B9C6EC17-9849-4E1A-8E9F-DE0E052C3954}
	EndGlobalSection
EndGlobal
